
Microsoft Visual Studio Solution File, Format Version 12.00
# Visual Studio 15
VisualStudioVersion = 15.0.26228.12
MinimumVisualStudioVersion = 10.0.40219.1
Project("{9A19103F-16F7-4668-BE54-9A1E7A4F7556}") = "Lunet.Core", "Lunet.Core\Lunet.Core.csproj", "{3E82658E-3E57-4B3D-8093-1AFDD658A2DE}"
EndProject
Project("{FAE04EC0-301F-11D3-BF4B-00C04F79EFBC}") = "Lunet", "Lunet\Lunet.csproj", "{A8300674-269D-4991-9DE6-E015A3A6E260}"
EndProject
Project("{FAE04EC0-301F-11D3-BF4B-00C04F79EFBC}") = "Lunet.Bundles", "Lunet.Bundles\Lunet.Bundles.csproj", "{B0C8CDAB-94C8-43C1-89B6-6531CA3E9B8C}"
EndProject
Project("{FAE04EC0-301F-11D3-BF4B-00C04F79EFBC}") = "Lunet.Minifiers", "Lunet.NUglify\Lunet.Minifiers.csproj", "{A0F30E7F-57A0-44DC-AF56-739102B0B76F}"
EndProject
Project("{FAE04EC0-301F-11D3-BF4B-00C04F79EFBC}") = "Lunet.Markdown", "Lunet.Markdig\Lunet.Markdown.csproj", "{01B0E642-A578-4BA9-A299-C9144EAB6B65}"
EndProject
Project("{FAE04EC0-301F-11D3-BF4B-00C04F79EFBC}") = "Lunet.Taxonomies", "Lunet.Taxonomies\Lunet.Taxonomies.csproj", "{32B8CB86-30E4-4485-9616-D75003F72E98}"
EndProject
Project("{FAE04EC0-301F-11D3-BF4B-00C04F79EFBC}") = "Lunet.Hosting", "Lunet.Hosting\Lunet.Hosting.csproj", "{E951E418-3A00-437A-ADEB-E0752A14FACC}"
EndProject
Project("{FAE04EC0-301F-11D3-BF4B-00C04F79EFBC}") = "Lunet.Extends", "Lunet.Extends\Lunet.Extends.csproj", "{12364123-0A14-4DB6-AD56-036AB9BCE665}"
EndProject
Project("{FAE04EC0-301F-11D3-BF4B-00C04F79EFBC}") = "Lunet.Scss", "Lunet.Scss\Lunet.Scss.csproj", "{2B6CD094-8867-4E61-AD21-E71737B1F9A9}"
EndProject
Project("{FAE04EC0-301F-11D3-BF4B-00C04F79EFBC}") = "Lunet.Layouts", "Lunet.Layouts\Lunet.Layouts.csproj", "{ABFE0E15-F643-4C84-A0C6-9225724284D2}"
EndProject
Project("{FAE04EC0-301F-11D3-BF4B-00C04F79EFBC}") = "Lunet.Feeds", "Lunet.Feeds\Lunet.Feeds.csproj", "{D4761DDC-D0F6-4FBC-B4FC-89F27233BE1C}"
EndProject
Project("{FAE04EC0-301F-11D3-BF4B-00C04F79EFBC}") = "Lunet.Tests", "Lunet.Tests\Lunet.Tests.csproj", "{C0B22D93-8761-47FC-9D0D-B95250AB07CE}"
EndProject
Project("{FAE04EC0-301F-11D3-BF4B-00C04F79EFBC}") = "Lunet.Yaml", "Lunet.Yaml\Lunet.Yaml.csproj", "{12D998DE-509A-4A63-82D5-1670FAB7C06A}"
EndProject
Project("{FAE04EC0-301F-11D3-BF4B-00C04F79EFBC}") = "Lunet.Datas", "Lunet.Datas\Lunet.Datas.csproj", "{7BC41A85-EA4B-4365-824E-B6883DF0252B}"
EndProject
Project("{9A19103F-16F7-4668-BE54-9A1E7A4F7556}") = "Lunet.Resources", "Lunet.Resources\Lunet.Resources.csproj", "{16B01731-3AB7-41EC-A201-1AA5CD32EC73}"
EndProject
Project("{FAE04EC0-301F-11D3-BF4B-00C04F79EFBC}") = "Lunet.Watcher", "Lunet.Watcher\Lunet.Watcher.csproj", "{59247D07-E8D7-45EF-B566-DE77F19E5685}"
EndProject
Global
	GlobalSection(SolutionConfigurationPlatforms) = preSolution
		Debug|Any CPU = Debug|Any CPU
		Release|Any CPU = Release|Any CPU
	EndGlobalSection
	GlobalSection(ProjectConfigurationPlatforms) = postSolution
		{3E82658E-3E57-4B3D-8093-1AFDD658A2DE}.Debug|Any CPU.ActiveCfg = Debug|Any CPU
		{3E82658E-3E57-4B3D-8093-1AFDD658A2DE}.Debug|Any CPU.Build.0 = Debug|Any CPU
		{3E82658E-3E57-4B3D-8093-1AFDD658A2DE}.Release|Any CPU.ActiveCfg = Release|Any CPU
		{3E82658E-3E57-4B3D-8093-1AFDD658A2DE}.Release|Any CPU.Build.0 = Release|Any CPU
		{A8300674-269D-4991-9DE6-E015A3A6E260}.Debug|Any CPU.ActiveCfg = Debug|Any CPU
		{A8300674-269D-4991-9DE6-E015A3A6E260}.Debug|Any CPU.Build.0 = Debug|Any CPU
		{A8300674-269D-4991-9DE6-E015A3A6E260}.Release|Any CPU.ActiveCfg = Release|Any CPU
		{A8300674-269D-4991-9DE6-E015A3A6E260}.Release|Any CPU.Build.0 = Release|Any CPU
		{B0C8CDAB-94C8-43C1-89B6-6531CA3E9B8C}.Debug|Any CPU.ActiveCfg = Debug|Any CPU
		{B0C8CDAB-94C8-43C1-89B6-6531CA3E9B8C}.Debug|Any CPU.Build.0 = Debug|Any CPU
		{B0C8CDAB-94C8-43C1-89B6-6531CA3E9B8C}.Release|Any CPU.ActiveCfg = Release|Any CPU
		{B0C8CDAB-94C8-43C1-89B6-6531CA3E9B8C}.Release|Any CPU.Build.0 = Release|Any CPU
		{A0F30E7F-57A0-44DC-AF56-739102B0B76F}.Debug|Any CPU.ActiveCfg = Debug|Any CPU
		{A0F30E7F-57A0-44DC-AF56-739102B0B76F}.Debug|Any CPU.Build.0 = Debug|Any CPU
		{A0F30E7F-57A0-44DC-AF56-739102B0B76F}.Release|Any CPU.ActiveCfg = Release|Any CPU
		{A0F30E7F-57A0-44DC-AF56-739102B0B76F}.Release|Any CPU.Build.0 = Release|Any CPU
		{01B0E642-A578-4BA9-A299-C9144EAB6B65}.Debug|Any CPU.ActiveCfg = Debug|Any CPU
		{01B0E642-A578-4BA9-A299-C9144EAB6B65}.Debug|Any CPU.Build.0 = Debug|Any CPU
		{01B0E642-A578-4BA9-A299-C9144EAB6B65}.Release|Any CPU.ActiveCfg = Release|Any CPU
		{01B0E642-A578-4BA9-A299-C9144EAB6B65}.Release|Any CPU.Build.0 = Release|Any CPU
		{32B8CB86-30E4-4485-9616-D75003F72E98}.Debug|Any CPU.ActiveCfg = Debug|Any CPU
		{32B8CB86-30E4-4485-9616-D75003F72E98}.Debug|Any CPU.Build.0 = Debug|Any CPU
		{32B8CB86-30E4-4485-9616-D75003F72E98}.Release|Any CPU.ActiveCfg = Release|Any CPU
		{32B8CB86-30E4-4485-9616-D75003F72E98}.Release|Any CPU.Build.0 = Release|Any CPU
		{E951E418-3A00-437A-ADEB-E0752A14FACC}.Debug|Any CPU.ActiveCfg = Debug|Any CPU
		{E951E418-3A00-437A-ADEB-E0752A14FACC}.Debug|Any CPU.Build.0 = Debug|Any CPU
		{E951E418-3A00-437A-ADEB-E0752A14FACC}.Release|Any CPU.ActiveCfg = Release|Any CPU
		{E951E418-3A00-437A-ADEB-E0752A14FACC}.Release|Any CPU.Build.0 = Release|Any CPU
		{12364123-0A14-4DB6-AD56-036AB9BCE665}.Debug|Any CPU.ActiveCfg = Debug|Any CPU
		{12364123-0A14-4DB6-AD56-036AB9BCE665}.Debug|Any CPU.Build.0 = Debug|Any CPU
		{12364123-0A14-4DB6-AD56-036AB9BCE665}.Release|Any CPU.ActiveCfg = Release|Any CPU
		{12364123-0A14-4DB6-AD56-036AB9BCE665}.Release|Any CPU.Build.0 = Release|Any CPU
		{2B6CD094-8867-4E61-AD21-E71737B1F9A9}.Debug|Any CPU.ActiveCfg = Debug|Any CPU
		{2B6CD094-8867-4E61-AD21-E71737B1F9A9}.Debug|Any CPU.Build.0 = Debug|Any CPU
		{2B6CD094-8867-4E61-AD21-E71737B1F9A9}.Release|Any CPU.ActiveCfg = Release|Any CPU
		{2B6CD094-8867-4E61-AD21-E71737B1F9A9}.Release|Any CPU.Build.0 = Release|Any CPU
		{ABFE0E15-F643-4C84-A0C6-9225724284D2}.Debug|Any CPU.ActiveCfg = Debug|Any CPU
		{ABFE0E15-F643-4C84-A0C6-9225724284D2}.Debug|Any CPU.Build.0 = Debug|Any CPU
		{ABFE0E15-F643-4C84-A0C6-9225724284D2}.Release|Any CPU.ActiveCfg = Release|Any CPU
		{ABFE0E15-F643-4C84-A0C6-9225724284D2}.Release|Any CPU.Build.0 = Release|Any CPU
		{D4761DDC-D0F6-4FBC-B4FC-89F27233BE1C}.Debug|Any CPU.ActiveCfg = Debug|Any CPU
		{D4761DDC-D0F6-4FBC-B4FC-89F27233BE1C}.Debug|Any CPU.Build.0 = Debug|Any CPU
		{D4761DDC-D0F6-4FBC-B4FC-89F27233BE1C}.Release|Any CPU.ActiveCfg = Release|Any CPU
		{D4761DDC-D0F6-4FBC-B4FC-89F27233BE1C}.Release|Any CPU.Build.0 = Release|Any CPU
		{C0B22D93-8761-47FC-9D0D-B95250AB07CE}.Debug|Any CPU.ActiveCfg = Debug|Any CPU
		{C0B22D93-8761-47FC-9D0D-B95250AB07CE}.Debug|Any CPU.Build.0 = Debug|Any CPU
		{C0B22D93-8761-47FC-9D0D-B95250AB07CE}.Release|Any CPU.ActiveCfg = Release|Any CPU
		{C0B22D93-8761-47FC-9D0D-B95250AB07CE}.Release|Any CPU.Build.0 = Release|Any CPU
		{12D998DE-509A-4A63-82D5-1670FAB7C06A}.Debug|Any CPU.ActiveCfg = Debug|Any CPU
		{12D998DE-509A-4A63-82D5-1670FAB7C06A}.Debug|Any CPU.Build.0 = Debug|Any CPU
		{12D998DE-509A-4A63-82D5-1670FAB7C06A}.Release|Any CPU.ActiveCfg = Release|Any CPU
		{12D998DE-509A-4A63-82D5-1670FAB7C06A}.Release|Any CPU.Build.0 = Release|Any CPU
		{7BC41A85-EA4B-4365-824E-B6883DF0252B}.Debug|Any CPU.ActiveCfg = Debug|Any CPU
		{7BC41A85-EA4B-4365-824E-B6883DF0252B}.Debug|Any CPU.Build.0 = Debug|Any CPU
		{7BC41A85-EA4B-4365-824E-B6883DF0252B}.Release|Any CPU.ActiveCfg = Release|Any CPU
		{7BC41A85-EA4B-4365-824E-B6883DF0252B}.Release|Any CPU.Build.0 = Release|Any CPU
		{16B01731-3AB7-41EC-A201-1AA5CD32EC73}.Debug|Any CPU.ActiveCfg = Debug|Any CPU
		{16B01731-3AB7-41EC-A201-1AA5CD32EC73}.Debug|Any CPU.Build.0 = Debug|Any CPU
		{16B01731-3AB7-41EC-A201-1AA5CD32EC73}.Release|Any CPU.ActiveCfg = Release|Any CPU
		{16B01731-3AB7-41EC-A201-1AA5CD32EC73}.Release|Any CPU.Build.0 = Release|Any CPU
		{59247D07-E8D7-45EF-B566-DE77F19E5685}.Debug|Any CPU.ActiveCfg = Debug|Any CPU
		{59247D07-E8D7-45EF-B566-DE77F19E5685}.Debug|Any CPU.Build.0 = Debug|Any CPU
		{59247D07-E8D7-45EF-B566-DE77F19E5685}.Release|Any CPU.ActiveCfg = Release|Any CPU
		{59247D07-E8D7-45EF-B566-DE77F19E5685}.Release|Any CPU.Build.0 = Release|Any CPU
	EndGlobalSection
	GlobalSection(SolutionProperties) = preSolution
		HideSolutionNode = FALSE
	EndGlobalSection
EndGlobal
