
Microsoft Visual Studio Solution File, Format Version 12.00
# Visual Studio 15
VisualStudioVersion = 15.0.26228.4
MinimumVisualStudioVersion = 10.0.40219.1
Project("{9A19103F-16F7-4668-BE54-9A1E7A4F7556}") = "Lunet.Core", "Lunet.Core\Lunet.Core.csproj", "{3E82658E-3E57-4B3D-8093-1AFDD658A2DE}"
EndProject
Project("{FAE04EC0-301F-11D3-BF4B-00C04F79EFBC}") = "Lunet", "Lunet\Lunet.csproj", "{A8300674-269D-4991-9DE6-E015A3A6E260}"
EndProject
Global
	GlobalSection(SolutionConfigurationPlatforms) = preSolution
		Debug|Any CPU = Debug|Any CPU
		Release|Any CPU = Release|Any CPU
	EndGlobalSection
	GlobalSection(ProjectConfigurationPlatforms) = postSolution
		{3E82658E-3E57-4B3D-8093-1AFDD658A2DE}.Debug|Any CPU.ActiveCfg = Debug|Any CPU
		{3E82658E-3E57-4B3D-8093-1AFDD658A2DE}.Debug|Any CPU.Build.0 = Debug|Any CPU
		{3E82658E-3E57-4B3D-8093-1AFDD658A2DE}.Release|Any CPU.ActiveCfg = Release|Any CPU
		{3E82658E-3E57-4B3D-8093-1AFDD658A2DE}.Release|Any CPU.Build.0 = Release|Any CPU
		{A8300674-269D-4991-9DE6-E015A3A6E260}.Debug|Any CPU.ActiveCfg = Debug|Any CPU
		{A8300674-269D-4991-9DE6-E015A3A6E260}.Debug|Any CPU.Build.0 = Debug|Any CPU
		{A8300674-269D-4991-9DE6-E015A3A6E260}.Release|Any CPU.ActiveCfg = Release|Any CPU
		{A8300674-269D-4991-9DE6-E015A3A6E260}.Release|Any CPU.Build.0 = Release|Any CPU
	EndGlobalSection
	GlobalSection(SolutionProperties) = preSolution
		HideSolutionNode = FALSE
	EndGlobalSection
EndGlobal
