
Microsoft Visual Studio Solution File, Format Version 12.00
# Visual Studio Version 16
VisualStudioVersion = 16.0.30114.105
MinimumVisualStudioVersion = 10.0.40219.1
Project("{9A19103F-16F7-4668-BE54-9A1E7A4F7556}") = "Lunet.Core", "Lunet.Core\Lunet.Core.csproj", "{3E82658E-3E57-4B3D-8093-1AFDD658A2DE}"
EndProject
Project("{9A19103F-16F7-4668-BE54-9A1E7A4F7556}") = "Lunet", "Lunet\Lunet.csproj", "{A8300674-269D-4991-9DE6-E015A3A6E260}"
EndProject
Project("{9A19103F-16F7-4668-BE54-9A1E7A4F7556}") = "Lunet.Bundles", "Lunet.Bundles\Lunet.Bundles.csproj", "{B0C8CDAB-94C8-43C1-89B6-6531CA3E9B8C}"
EndProject
Project("{9A19103F-16F7-4668-BE54-9A1E7A4F7556}") = "Lunet.Minifiers", "Lunet.NUglify\Lunet.Minifiers.csproj", "{A0F30E7F-57A0-44DC-AF56-739102B0B76F}"
EndProject
Project("{9A19103F-16F7-4668-BE54-9A1E7A4F7556}") = "Lunet.Markdown", "Lunet.Markdig\Lunet.Markdown.csproj", "{01B0E642-A578-4BA9-A299-C9144EAB6B65}"
EndProject
Project("{9A19103F-16F7-4668-BE54-9A1E7A4F7556}") = "Lunet.Taxonomies", "Lunet.Taxonomies\Lunet.Taxonomies.csproj", "{32B8CB86-30E4-4485-9616-D75003F72E98}"
EndProject
Project("{9A19103F-16F7-4668-BE54-9A1E7A4F7556}") = "Lunet.Server", "Lunet.Server\Lunet.Server.csproj", "{E951E418-3A00-437A-ADEB-E0752A14FACC}"
EndProject
Project("{9A19103F-16F7-4668-BE54-9A1E7A4F7556}") = "Lunet.Extends", "Lunet.Extends\Lunet.Extends.csproj", "{12364123-0A14-4DB6-AD56-036AB9BCE665}"
EndProject
Project("{9A19103F-16F7-4668-BE54-9A1E7A4F7556}") = "Lunet.Scss", "Lunet.Scss\Lunet.Scss.csproj", "{2B6CD094-8867-4E61-AD21-E71737B1F9A9}"
EndProject
Project("{9A19103F-16F7-4668-BE54-9A1E7A4F7556}") = "Lunet.Layouts", "Lunet.Layouts\Lunet.Layouts.csproj", "{ABFE0E15-F643-4C84-A0C6-9225724284D2}"
EndProject
Project("{9A19103F-16F7-4668-BE54-9A1E7A4F7556}") = "Lunet.Feeds", "Lunet.Feeds\Lunet.Feeds.csproj", "{D4761DDC-D0F6-4FBC-B4FC-89F27233BE1C}"
EndProject
Project("{9A19103F-16F7-4668-BE54-9A1E7A4F7556}") = "Lunet.Tests", "Lunet.Tests\Lunet.Tests.csproj", "{C0B22D93-8761-47FC-9D0D-B95250AB07CE}"
EndProject
Project("{9A19103F-16F7-4668-BE54-9A1E7A4F7556}") = "Lunet.Yaml", "Lunet.Yaml\Lunet.Yaml.csproj", "{12D998DE-509A-4A63-82D5-1670FAB7C06A}"
EndProject
Project("{9A19103F-16F7-4668-BE54-9A1E7A4F7556}") = "Lunet.Datas", "Lunet.Datas\Lunet.Datas.csproj", "{7BC41A85-EA4B-4365-824E-B6883DF0252B}"
EndProject
Project("{9A19103F-16F7-4668-BE54-9A1E7A4F7556}") = "Lunet.Resources", "Lunet.Resources\Lunet.Resources.csproj", "{16B01731-3AB7-41EC-A201-1AA5CD32EC73}"
EndProject
Project("{9A19103F-16F7-4668-BE54-9A1E7A4F7556}") = "Lunet.Watcher", "Lunet.Watcher\Lunet.Watcher.csproj", "{59247D07-E8D7-45EF-B566-DE77F19E5685}"
EndProject
Project("{2150E333-8FDC-42A3-9474-1A3956D46DE8}") = "build", "build", "{46B38F3E-7B35-4D5A-8136-01D635D6EA0F}"
	ProjectSection(SolutionItems) = preProject
		..\.gitignore = ..\.gitignore
		..\changelog.md = ..\changelog.md
		..\.github\workflows\ci.yml = ..\.github\workflows\ci.yml
		Directory.Build.props = Directory.Build.props
		Directory.Build.targets = Directory.Build.targets
		global.json = global.json
		..\readme.md = ..\readme.md
	EndProjectSection
EndProject
Project("{9A19103F-16F7-4668-BE54-9A1E7A4F7556}") = "Lunet.Menus", "Lunet.Menus\Lunet.Menus.csproj", "{F0992F6F-9523-43FC-85B4-AC2F56B3E0E0}"
EndProject
Project("{9A19103F-16F7-4668-BE54-9A1E7A4F7556}") = "Lunet.Search", "Lunet.Search\Lunet.Search.csproj", "{682BCEAC-AFEC-413A-A88C-081C22FDF3D9}"
EndProject
Project("{9A19103F-16F7-4668-BE54-9A1E7A4F7556}") = "Lunet.Cards", "Lunet.Cards\Lunet.Cards.csproj", "{8181979A-3484-4BE6-8A64-4B4E042C9832}"
EndProject
Project("{9A19103F-16F7-4668-BE54-9A1E7A4F7556}") = "Lunet.Json", "Lunet.Json\Lunet.Json.csproj", "{0D75F97B-F096-49DA-8073-07B49676F979}"
EndProject
Project("{9A19103F-16F7-4668-BE54-9A1E7A4F7556}") = "Lunet.Toml", "Lunet.Toml\Lunet.Toml.csproj", "{CD545089-56D7-427C-9104-9DA6C0C9662E}"
EndProject
Project("{9A19103F-16F7-4668-BE54-9A1E7A4F7556}") = "Lunet.Sitemaps", "Lunet.Sitemaps\Lunet.Sitemaps.csproj", "{500C84FC-8179-4B43-9556-DFB4F7F69A32}"
EndProject
Project("{9A19103F-16F7-4668-BE54-9A1E7A4F7556}") = "Lunet.Attributes", "Lunet.Attributes\Lunet.Attributes.csproj", "{0FCA0C1A-0BB0-4E84-B25C-2BC96BC51D49}"
EndProject
Project("{9A19103F-16F7-4668-BE54-9A1E7A4F7556}") = "Lunet.Rss", "Lunet.Rss\Lunet.Rss.csproj", "{51514CAB-AB18-45C9-95A4-CB3CDC0BFB11}"
EndProject
Project("{9A19103F-16F7-4668-BE54-9A1E7A4F7556}") = "Lunet.Summarizer", "Lunet.Summarizer\Lunet.Summarizer.csproj", "{4C6145FA-ED5F-4785-B434-CD4E801254C9}"
EndProject
Global
	GlobalSection(SolutionConfigurationPlatforms) = preSolution
		Debug|Any CPU = Debug|Any CPU
		Release|Any CPU = Release|Any CPU
	EndGlobalSection
	GlobalSection(ProjectConfigurationPlatforms) = postSolution
		{3E82658E-3E57-4B3D-8093-1AFDD658A2DE}.Debug|Any CPU.ActiveCfg = Debug|Any CPU
		{3E82658E-3E57-4B3D-8093-1AFDD658A2DE}.Debug|Any CPU.Build.0 = Debug|Any CPU
		{3E82658E-3E57-4B3D-8093-1AFDD658A2DE}.Release|Any CPU.ActiveCfg = Release|Any CPU
		{3E82658E-3E57-4B3D-8093-1AFDD658A2DE}.Release|Any CPU.Build.0 = Release|Any CPU
		{A8300674-269D-4991-9DE6-E015A3A6E260}.Debug|Any CPU.ActiveCfg = Debug|Any CPU
		{A8300674-269D-4991-9DE6-E015A3A6E260}.Debug|Any CPU.Build.0 = Debug|Any CPU
		{A8300674-269D-4991-9DE6-E015A3A6E260}.Release|Any CPU.ActiveCfg = Release|Any CPU
		{A8300674-269D-4991-9DE6-E015A3A6E260}.Release|Any CPU.Build.0 = Release|Any CPU
		{B0C8CDAB-94C8-43C1-89B6-6531CA3E9B8C}.Debug|Any CPU.ActiveCfg = Debug|Any CPU
		{B0C8CDAB-94C8-43C1-89B6-6531CA3E9B8C}.Debug|Any CPU.Build.0 = Debug|Any CPU
		{B0C8CDAB-94C8-43C1-89B6-6531CA3E9B8C}.Release|Any CPU.ActiveCfg = Release|Any CPU
		{B0C8CDAB-94C8-43C1-89B6-6531CA3E9B8C}.Release|Any CPU.Build.0 = Release|Any CPU
		{A0F30E7F-57A0-44DC-AF56-739102B0B76F}.Debug|Any CPU.ActiveCfg = Debug|Any CPU
		{A0F30E7F-57A0-44DC-AF56-739102B0B76F}.Debug|Any CPU.Build.0 = Debug|Any CPU
		{A0F30E7F-57A0-44DC-AF56-739102B0B76F}.Release|Any CPU.ActiveCfg = Release|Any CPU
		{A0F30E7F-57A0-44DC-AF56-739102B0B76F}.Release|Any CPU.Build.0 = Release|Any CPU
		{01B0E642-A578-4BA9-A299-C9144EAB6B65}.Debug|Any CPU.ActiveCfg = Debug|Any CPU
		{01B0E642-A578-4BA9-A299-C9144EAB6B65}.Debug|Any CPU.Build.0 = Debug|Any CPU
		{01B0E642-A578-4BA9-A299-C9144EAB6B65}.Release|Any CPU.ActiveCfg = Release|Any CPU
		{01B0E642-A578-4BA9-A299-C9144EAB6B65}.Release|Any CPU.Build.0 = Release|Any CPU
		{32B8CB86-30E4-4485-9616-D75003F72E98}.Debug|Any CPU.ActiveCfg = Debug|Any CPU
		{32B8CB86-30E4-4485-9616-D75003F72E98}.Debug|Any CPU.Build.0 = Debug|Any CPU
		{32B8CB86-30E4-4485-9616-D75003F72E98}.Release|Any CPU.ActiveCfg = Release|Any CPU
		{32B8CB86-30E4-4485-9616-D75003F72E98}.Release|Any CPU.Build.0 = Release|Any CPU
		{E951E418-3A00-437A-ADEB-E0752A14FACC}.Debug|Any CPU.ActiveCfg = Debug|Any CPU
		{E951E418-3A00-437A-ADEB-E0752A14FACC}.Debug|Any CPU.Build.0 = Debug|Any CPU
		{E951E418-3A00-437A-ADEB-E0752A14FACC}.Release|Any CPU.ActiveCfg = Release|Any CPU
		{E951E418-3A00-437A-ADEB-E0752A14FACC}.Release|Any CPU.Build.0 = Release|Any CPU
		{12364123-0A14-4DB6-AD56-036AB9BCE665}.Debug|Any CPU.ActiveCfg = Debug|Any CPU
		{12364123-0A14-4DB6-AD56-036AB9BCE665}.Debug|Any CPU.Build.0 = Debug|Any CPU
		{12364123-0A14-4DB6-AD56-036AB9BCE665}.Release|Any CPU.ActiveCfg = Release|Any CPU
		{12364123-0A14-4DB6-AD56-036AB9BCE665}.Release|Any CPU.Build.0 = Release|Any CPU
		{2B6CD094-8867-4E61-AD21-E71737B1F9A9}.Debug|Any CPU.ActiveCfg = Debug|Any CPU
		{2B6CD094-8867-4E61-AD21-E71737B1F9A9}.Debug|Any CPU.Build.0 = Debug|Any CPU
		{2B6CD094-8867-4E61-AD21-E71737B1F9A9}.Release|Any CPU.ActiveCfg = Release|Any CPU
		{2B6CD094-8867-4E61-AD21-E71737B1F9A9}.Release|Any CPU.Build.0 = Release|Any CPU
		{ABFE0E15-F643-4C84-A0C6-9225724284D2}.Debug|Any CPU.ActiveCfg = Debug|Any CPU
		{ABFE0E15-F643-4C84-A0C6-9225724284D2}.Debug|Any CPU.Build.0 = Debug|Any CPU
		{ABFE0E15-F643-4C84-A0C6-9225724284D2}.Release|Any CPU.ActiveCfg = Release|Any CPU
		{ABFE0E15-F643-4C84-A0C6-9225724284D2}.Release|Any CPU.Build.0 = Release|Any CPU
		{D4761DDC-D0F6-4FBC-B4FC-89F27233BE1C}.Debug|Any CPU.ActiveCfg = Debug|Any CPU
		{D4761DDC-D0F6-4FBC-B4FC-89F27233BE1C}.Debug|Any CPU.Build.0 = Debug|Any CPU
		{D4761DDC-D0F6-4FBC-B4FC-89F27233BE1C}.Release|Any CPU.ActiveCfg = Release|Any CPU
		{D4761DDC-D0F6-4FBC-B4FC-89F27233BE1C}.Release|Any CPU.Build.0 = Release|Any CPU
		{C0B22D93-8761-47FC-9D0D-B95250AB07CE}.Debug|Any CPU.ActiveCfg = Debug|Any CPU
		{C0B22D93-8761-47FC-9D0D-B95250AB07CE}.Debug|Any CPU.Build.0 = Debug|Any CPU
		{C0B22D93-8761-47FC-9D0D-B95250AB07CE}.Release|Any CPU.ActiveCfg = Release|Any CPU
		{C0B22D93-8761-47FC-9D0D-B95250AB07CE}.Release|Any CPU.Build.0 = Release|Any CPU
		{12D998DE-509A-4A63-82D5-1670FAB7C06A}.Debug|Any CPU.ActiveCfg = Debug|Any CPU
		{12D998DE-509A-4A63-82D5-1670FAB7C06A}.Debug|Any CPU.Build.0 = Debug|Any CPU
		{12D998DE-509A-4A63-82D5-1670FAB7C06A}.Release|Any CPU.ActiveCfg = Release|Any CPU
		{12D998DE-509A-4A63-82D5-1670FAB7C06A}.Release|Any CPU.Build.0 = Release|Any CPU
		{7BC41A85-EA4B-4365-824E-B6883DF0252B}.Debug|Any CPU.ActiveCfg = Debug|Any CPU
		{7BC41A85-EA4B-4365-824E-B6883DF0252B}.Debug|Any CPU.Build.0 = Debug|Any CPU
		{7BC41A85-EA4B-4365-824E-B6883DF0252B}.Release|Any CPU.ActiveCfg = Release|Any CPU
		{7BC41A85-EA4B-4365-824E-B6883DF0252B}.Release|Any CPU.Build.0 = Release|Any CPU
		{16B01731-3AB7-41EC-A201-1AA5CD32EC73}.Debug|Any CPU.ActiveCfg = Debug|Any CPU
		{16B01731-3AB7-41EC-A201-1AA5CD32EC73}.Debug|Any CPU.Build.0 = Debug|Any CPU
		{16B01731-3AB7-41EC-A201-1AA5CD32EC73}.Release|Any CPU.ActiveCfg = Release|Any CPU
		{16B01731-3AB7-41EC-A201-1AA5CD32EC73}.Release|Any CPU.Build.0 = Release|Any CPU
		{59247D07-E8D7-45EF-B566-DE77F19E5685}.Debug|Any CPU.ActiveCfg = Debug|Any CPU
		{59247D07-E8D7-45EF-B566-DE77F19E5685}.Debug|Any CPU.Build.0 = Debug|Any CPU
		{59247D07-E8D7-45EF-B566-DE77F19E5685}.Release|Any CPU.ActiveCfg = Release|Any CPU
		{59247D07-E8D7-45EF-B566-DE77F19E5685}.Release|Any CPU.Build.0 = Release|Any CPU
		{F0992F6F-9523-43FC-85B4-AC2F56B3E0E0}.Debug|Any CPU.ActiveCfg = Debug|Any CPU
		{F0992F6F-9523-43FC-85B4-AC2F56B3E0E0}.Debug|Any CPU.Build.0 = Debug|Any CPU
		{F0992F6F-9523-43FC-85B4-AC2F56B3E0E0}.Release|Any CPU.ActiveCfg = Release|Any CPU
		{F0992F6F-9523-43FC-85B4-AC2F56B3E0E0}.Release|Any CPU.Build.0 = Release|Any CPU
		{682BCEAC-AFEC-413A-A88C-081C22FDF3D9}.Debug|Any CPU.ActiveCfg = Debug|Any CPU
		{682BCEAC-AFEC-413A-A88C-081C22FDF3D9}.Debug|Any CPU.Build.0 = Debug|Any CPU
		{682BCEAC-AFEC-413A-A88C-081C22FDF3D9}.Release|Any CPU.ActiveCfg = Release|Any CPU
		{682BCEAC-AFEC-413A-A88C-081C22FDF3D9}.Release|Any CPU.Build.0 = Release|Any CPU
		{8181979A-3484-4BE6-8A64-4B4E042C9832}.Debug|Any CPU.ActiveCfg = Debug|Any CPU
		{8181979A-3484-4BE6-8A64-4B4E042C9832}.Debug|Any CPU.Build.0 = Debug|Any CPU
		{8181979A-3484-4BE6-8A64-4B4E042C9832}.Release|Any CPU.ActiveCfg = Release|Any CPU
		{8181979A-3484-4BE6-8A64-4B4E042C9832}.Release|Any CPU.Build.0 = Release|Any CPU
		{0D75F97B-F096-49DA-8073-07B49676F979}.Debug|Any CPU.ActiveCfg = Debug|Any CPU
		{0D75F97B-F096-49DA-8073-07B49676F979}.Debug|Any CPU.Build.0 = Debug|Any CPU
		{0D75F97B-F096-49DA-8073-07B49676F979}.Release|Any CPU.ActiveCfg = Release|Any CPU
		{0D75F97B-F096-49DA-8073-07B49676F979}.Release|Any CPU.Build.0 = Release|Any CPU
		{CD545089-56D7-427C-9104-9DA6C0C9662E}.Debug|Any CPU.ActiveCfg = Debug|Any CPU
		{CD545089-56D7-427C-9104-9DA6C0C9662E}.Debug|Any CPU.Build.0 = Debug|Any CPU
		{CD545089-56D7-427C-9104-9DA6C0C9662E}.Release|Any CPU.ActiveCfg = Release|Any CPU
		{CD545089-56D7-427C-9104-9DA6C0C9662E}.Release|Any CPU.Build.0 = Release|Any CPU
		{500C84FC-8179-4B43-9556-DFB4F7F69A32}.Debug|Any CPU.ActiveCfg = Debug|Any CPU
		{500C84FC-8179-4B43-9556-DFB4F7F69A32}.Debug|Any CPU.Build.0 = Debug|Any CPU
		{500C84FC-8179-4B43-9556-DFB4F7F69A32}.Release|Any CPU.ActiveCfg = Release|Any CPU
		{500C84FC-8179-4B43-9556-DFB4F7F69A32}.Release|Any CPU.Build.0 = Release|Any CPU
		{0FCA0C1A-0BB0-4E84-B25C-2BC96BC51D49}.Debug|Any CPU.ActiveCfg = Debug|Any CPU
		{0FCA0C1A-0BB0-4E84-B25C-2BC96BC51D49}.Debug|Any CPU.Build.0 = Debug|Any CPU
		{0FCA0C1A-0BB0-4E84-B25C-2BC96BC51D49}.Release|Any CPU.ActiveCfg = Release|Any CPU
		{0FCA0C1A-0BB0-4E84-B25C-2BC96BC51D49}.Release|Any CPU.Build.0 = Release|Any CPU
		{51514CAB-AB18-45C9-95A4-CB3CDC0BFB11}.Debug|Any CPU.ActiveCfg = Debug|Any CPU
		{51514CAB-AB18-45C9-95A4-CB3CDC0BFB11}.Debug|Any CPU.Build.0 = Debug|Any CPU
		{51514CAB-AB18-45C9-95A4-CB3CDC0BFB11}.Release|Any CPU.ActiveCfg = Release|Any CPU
		{51514CAB-AB18-45C9-95A4-CB3CDC0BFB11}.Release|Any CPU.Build.0 = Release|Any CPU
		{4C6145FA-ED5F-4785-B434-CD4E801254C9}.Debug|Any CPU.ActiveCfg = Debug|Any CPU
		{4C6145FA-ED5F-4785-B434-CD4E801254C9}.Debug|Any CPU.Build.0 = Debug|Any CPU
		{4C6145FA-ED5F-4785-B434-CD4E801254C9}.Release|Any CPU.ActiveCfg = Release|Any CPU
		{4C6145FA-ED5F-4785-B434-CD4E801254C9}.Release|Any CPU.Build.0 = Release|Any CPU
	EndGlobalSection
	GlobalSection(SolutionProperties) = preSolution
		HideSolutionNode = FALSE
	EndGlobalSection
	GlobalSection(ExtensibilityGlobals) = postSolution
		SolutionGuid = {1B197B5C-54E9-4EF2-B372-67ACB11F2749}
	EndGlobalSection
EndGlobal
